
Microsoft Visual Studio Solution File, Format Version 12.00
# Visual Studio Version 16
VisualStudioVersion = 16.0.31313.79
MinimumVisualStudioVersion = 10.0.40219.1
Project("{FAE04EC0-301F-11D3-BF4B-00C04F79EFBC}") = "RedBlackTree", "RedBlackTree.csproj", "{4E27E598-25F2-41E0-877B-DE465C5D6C66}"
EndProject
Global
	GlobalSection(SolutionConfigurationPlatforms) = preSolution
		Debug|Any CPU = Debug|Any CPU
		Release|Any CPU = Release|Any CPU
	EndGlobalSection
	GlobalSection(ProjectConfigurationPlatforms) = postSolution
		{4E27E598-25F2-41E0-877B-DE465C5D6C66}.Debug|Any CPU.ActiveCfg = Debug|Any CPU
		{4E27E598-25F2-41E0-877B-DE465C5D6C66}.Debug|Any CPU.Build.0 = Debug|Any CPU
		{4E27E598-25F2-41E0-877B-DE465C5D6C66}.Release|Any CPU.ActiveCfg = Release|Any CPU
		{4E27E598-25F2-41E0-877B-DE465C5D6C66}.Release|Any CPU.Build.0 = Release|Any CPU
	EndGlobalSection
	GlobalSection(SolutionProperties) = preSolution
		HideSolutionNode = FALSE
	EndGlobalSection
	GlobalSection(ExtensibilityGlobals) = postSolution
		SolutionGuid = {3DECD01F-3B41-4688-AD96-CFB27DE631D0}
	EndGlobalSection
EndGlobal
